// !$*UTF8*$!
{
	archiveVersion = 1;
	classes = {
	};
	objectVersion = 56;
	objects = {

/* Begin PBXBuildFile section */
		3C0192E72A9DC61A00DE9657 /* ContentActionButtonsView.swift in Sources */ = {isa = PBXBuildFile; fileRef = 3C0192E62A9DC61A00DE9657 /* ContentActionButtonsView.swift */; };
		3C0192EB2A9DC6E700DE9657 /* ContentActionButtonsViewModel.swift in Sources */ = {isa = PBXBuildFile; fileRef = 3C0192EA2A9DC6E700DE9657 /* ContentActionButtonsViewModel.swift */; };
		3C0192ED2A9DCD2A00DE9657 /* Constants.swift in Sources */ = {isa = PBXBuildFile; fileRef = 3C0192EC2A9DCD2A00DE9657 /* Constants.swift */; };
		3C0192F22A9E359E00DE9657 /* ThreadReplyView.swift in Sources */ = {isa = PBXBuildFile; fileRef = 3C0192F12A9E359E00DE9657 /* ThreadReplyView.swift */; };
		3C0192F42A9E3AC400DE9657 /* String.swift in Sources */ = {isa = PBXBuildFile; fileRef = 3C0192F32A9E3AC400DE9657 /* String.swift */; };
		3C0192F72A9E525500DE9657 /* ThreadReply.swift in Sources */ = {isa = PBXBuildFile; fileRef = 3C0192F62A9E525500DE9657 /* ThreadReply.swift */; };
		3C0192FA2A9E536C00DE9657 /* ThreadReplyService.swift in Sources */ = {isa = PBXBuildFile; fileRef = 3C0192F92A9E536C00DE9657 /* ThreadReplyService.swift */; };
		3C0192FC2A9E541800DE9657 /* ThreadReplyViewModel.swift in Sources */ = {isa = PBXBuildFile; fileRef = 3C0192FB2A9E541800DE9657 /* ThreadReplyViewModel.swift */; };
		3C0193012A9E5F5600DE9657 /* ThreadDetailsView.swift in Sources */ = {isa = PBXBuildFile; fileRef = 3C0193002A9E5F5600DE9657 /* ThreadDetailsView.swift */; };
		3C0193032A9E61D900DE9657 /* ThreadDetailsViewModel.swift in Sources */ = {isa = PBXBuildFile; fileRef = 3C0193022A9E61D900DE9657 /* ThreadDetailsViewModel.swift */; };
		3C0193072A9E639900DE9657 /* ThreadReplyCell.swift in Sources */ = {isa = PBXBuildFile; fileRef = 3C0193062A9E639900DE9657 /* ThreadReplyCell.swift */; };
		3C2097212A9B2C730005F6DA /* Threads_CloneApp.swift in Sources */ = {isa = PBXBuildFile; fileRef = 3C2097202A9B2C730005F6DA /* Threads_CloneApp.swift */; };
		3C2097232A9B2C730005F6DA /* ContentView.swift in Sources */ = {isa = PBXBuildFile; fileRef = 3C2097222A9B2C730005F6DA /* ContentView.swift */; };
		3C2097252A9B2C730005F6DA /* Assets.xcassets in Resources */ = {isa = PBXBuildFile; fileRef = 3C2097242A9B2C730005F6DA /* Assets.xcassets */; };
		3C2097282A9B2C730005F6DA /* Preview Assets.xcassets in Resources */ = {isa = PBXBuildFile; fileRef = 3C2097272A9B2C730005F6DA /* Preview Assets.xcassets */; };
		3C2097382A9B2D370005F6DA /* LoginView.swift in Sources */ = {isa = PBXBuildFile; fileRef = 3C2097372A9B2D370005F6DA /* LoginView.swift */; };
		3C20973A2A9B30BD0005F6DA /* RegistrationView.swift in Sources */ = {isa = PBXBuildFile; fileRef = 3C2097392A9B30BD0005F6DA /* RegistrationView.swift */; };
		3C20973D2A9B32230005F6DA /* ThreadsTextFieldModifier.swift in Sources */ = {isa = PBXBuildFile; fileRef = 3C20973C2A9B32230005F6DA /* ThreadsTextFieldModifier.swift */; };
		3C2097402A9B34030005F6DA /* ThreadsTabView.swift in Sources */ = {isa = PBXBuildFile; fileRef = 3C20973F2A9B34030005F6DA /* ThreadsTabView.swift */; };
		3C2097442A9B37350005F6DA /* FeedView.swift in Sources */ = {isa = PBXBuildFile; fileRef = 3C2097432A9B37350005F6DA /* FeedView.swift */; };
		3C2097482A9B37870005F6DA /* ExploreView.swift in Sources */ = {isa = PBXBuildFile; fileRef = 3C2097472A9B37870005F6DA /* ExploreView.swift */; };
		3C20974C2A9B37E20005F6DA /* CreateThreadView.swift in Sources */ = {isa = PBXBuildFile; fileRef = 3C20974B2A9B37E20005F6DA /* CreateThreadView.swift */; };
		3C2097502A9B38220005F6DA /* ActivityView.swift in Sources */ = {isa = PBXBuildFile; fileRef = 3C20974F2A9B38220005F6DA /* ActivityView.swift */; };
		3C2097542A9B38770005F6DA /* ProfileView.swift in Sources */ = {isa = PBXBuildFile; fileRef = 3C2097532A9B38770005F6DA /* ProfileView.swift */; };
		3C2097562A9B48E90005F6DA /* ThreadCell.swift in Sources */ = {isa = PBXBuildFile; fileRef = 3C2097552A9B48E90005F6DA /* ThreadCell.swift */; };
		3C2097592A9B4FD70005F6DA /* CircularProfileImageView.swift in Sources */ = {isa = PBXBuildFile; fileRef = 3C2097582A9B4FD70005F6DA /* CircularProfileImageView.swift */; };
		3C20975B2A9B504A0005F6DA /* UserCell.swift in Sources */ = {isa = PBXBuildFile; fileRef = 3C20975A2A9B504A0005F6DA /* UserCell.swift */; };
		3C20975E2A9B53180005F6DA /* ProfileThreadFilter.swift in Sources */ = {isa = PBXBuildFile; fileRef = 3C20975D2A9B53180005F6DA /* ProfileThreadFilter.swift */; };
		3C2097622A9B57790005F6DA /* EditProfileView.swift in Sources */ = {isa = PBXBuildFile; fileRef = 3C2097612A9B57790005F6DA /* EditProfileView.swift */; };
		3C2097672A9B65B60005F6DA /* FirebaseAuth in Frameworks */ = {isa = PBXBuildFile; productRef = 3C2097662A9B65B60005F6DA /* FirebaseAuth */; };
		3C2097692A9B65B60005F6DA /* FirebaseFirestore in Frameworks */ = {isa = PBXBuildFile; productRef = 3C2097682A9B65B60005F6DA /* FirebaseFirestore */; };
		3C20976B2A9B65B60005F6DA /* FirebaseFirestoreSwift in Frameworks */ = {isa = PBXBuildFile; productRef = 3C20976A2A9B65B60005F6DA /* FirebaseFirestoreSwift */; };
		3C20976D2A9B65B60005F6DA /* FirebaseStorage in Frameworks */ = {isa = PBXBuildFile; productRef = 3C20976C2A9B65B60005F6DA /* FirebaseStorage */; };
		3C2097712A9B6A000005F6DA /* RegisterationViewModel.swift in Sources */ = {isa = PBXBuildFile; fileRef = 3C2097702A9B6A000005F6DA /* RegisterationViewModel.swift */; };
		3C2097732A9B6AF80005F6DA /* AuthService.swift in Sources */ = {isa = PBXBuildFile; fileRef = 3C2097722A9B6AF80005F6DA /* AuthService.swift */; };
		3C2097772A9B701B0005F6DA /* GoogleService-Info.plist in Resources */ = {isa = PBXBuildFile; fileRef = 3C2097762A9B701B0005F6DA /* GoogleService-Info.plist */; };
		3C20977B2A9B72440005F6DA /* ContentViewModel.swift in Sources */ = {isa = PBXBuildFile; fileRef = 3C20977A2A9B72440005F6DA /* ContentViewModel.swift */; };
		3C20977D2A9B76310005F6DA /* LoginViewModel.swift in Sources */ = {isa = PBXBuildFile; fileRef = 3C20977C2A9B76310005F6DA /* LoginViewModel.swift */; };
		3C20977F2A9BAD180005F6DA /* User.swift in Sources */ = {isa = PBXBuildFile; fileRef = 3C20977E2A9BAD180005F6DA /* User.swift */; };
		3C2097812A9BBF920005F6DA /* UserService.swift in Sources */ = {isa = PBXBuildFile; fileRef = 3C2097802A9BBF920005F6DA /* UserService.swift */; };
		3C2097842A9BC0AE0005F6DA /* CurrentUserProfileViewModel.swift in Sources */ = {isa = PBXBuildFile; fileRef = 3C2097832A9BC0AE0005F6DA /* CurrentUserProfileViewModel.swift */; };
		3C2097872A9BC7390005F6DA /* ExploreViewModel.swift in Sources */ = {isa = PBXBuildFile; fileRef = 3C2097862A9BC7390005F6DA /* ExploreViewModel.swift */; };
		3C2097892A9BC8BA0005F6DA /* PreviewProvider.swift in Sources */ = {isa = PBXBuildFile; fileRef = 3C2097882A9BC8BA0005F6DA /* PreviewProvider.swift */; };
		3C20978D2A9BCC090005F6DA /* CurrentUserProfileView.swift in Sources */ = {isa = PBXBuildFile; fileRef = 3C20978C2A9BCC090005F6DA /* CurrentUserProfileView.swift */; };
		3C2097932A9BCE570005F6DA /* ProfileHeaderView.swift in Sources */ = {isa = PBXBuildFile; fileRef = 3C2097922A9BCE570005F6DA /* ProfileHeaderView.swift */; };
		3C2097952A9BCFCE0005F6DA /* UserContentListView.swift in Sources */ = {isa = PBXBuildFile; fileRef = 3C2097942A9BCFCE0005F6DA /* UserContentListView.swift */; };
		3C2097982A9BDB7D0005F6DA /* EditProfileViewModel.swift in Sources */ = {isa = PBXBuildFile; fileRef = 3C2097972A9BDB7D0005F6DA /* EditProfileViewModel.swift */; };
		3C20979A2A9BDD550005F6DA /* ImageUploader.swift in Sources */ = {isa = PBXBuildFile; fileRef = 3C2097992A9BDD550005F6DA /* ImageUploader.swift */; };
		3C20979D2A9C53B30005F6DA /* Kingfisher in Frameworks */ = {isa = PBXBuildFile; productRef = 3C20979C2A9C53B30005F6DA /* Kingfisher */; };
		3C20979F2A9C58ED0005F6DA /* Thread.swift in Sources */ = {isa = PBXBuildFile; fileRef = 3C20979E2A9C58ED0005F6DA /* Thread.swift */; };
		3C2097A22A9C59E90005F6DA /* CreateThreadViewModel.swift in Sources */ = {isa = PBXBuildFile; fileRef = 3C2097A12A9C59E90005F6DA /* CreateThreadViewModel.swift */; };
		3C2097A42A9C5A080005F6DA /* ThreadService.swift in Sources */ = {isa = PBXBuildFile; fileRef = 3C2097A32A9C5A080005F6DA /* ThreadService.swift */; };
		3C2097A72A9C65E80005F6DA /* FeedViewModel.swift in Sources */ = {isa = PBXBuildFile; fileRef = 3C2097A62A9C65E80005F6DA /* FeedViewModel.swift */; };
		3C2097AB2A9CF1E60005F6DA /* UserContentListViewModel.swift in Sources */ = {isa = PBXBuildFile; fileRef = 3C2097AA2A9CF1E60005F6DA /* UserContentListViewModel.swift */; };
		3C2097AD2A9CF5850005F6DA /* Timestamp.swift in Sources */ = {isa = PBXBuildFile; fileRef = 3C2097AC2A9CF5850005F6DA /* Timestamp.swift */; };
/* End PBXBuildFile section */

/* Begin PBXFileReference section */
		3C0192E62A9DC61A00DE9657 /* ContentActionButtonsView.swift */ = {isa = PBXFileReference; lastKnownFileType = sourcecode.swift; path = ContentActionButtonsView.swift; sourceTree = "<group>"; };
		3C0192EA2A9DC6E700DE9657 /* ContentActionButtonsViewModel.swift */ = {isa = PBXFileReference; lastKnownFileType = sourcecode.swift; path = ContentActionButtonsViewModel.swift; sourceTree = "<group>"; };
		3C0192EC2A9DCD2A00DE9657 /* Constants.swift */ = {isa = PBXFileReference; lastKnownFileType = sourcecode.swift; path = Constants.swift; sourceTree = "<group>"; };
		3C0192F12A9E359E00DE9657 /* ThreadReplyView.swift */ = {isa = PBXFileReference; lastKnownFileType = sourcecode.swift; path = ThreadReplyView.swift; sourceTree = "<group>"; };
		3C0192F32A9E3AC400DE9657 /* String.swift */ = {isa = PBXFileReference; lastKnownFileType = sourcecode.swift; path = String.swift; sourceTree = "<group>"; };
		3C0192F62A9E525500DE9657 /* ThreadReply.swift */ = {isa = PBXFileReference; lastKnownFileType = sourcecode.swift; path = ThreadReply.swift; sourceTree = "<group>"; };
		3C0192F92A9E536C00DE9657 /* ThreadReplyService.swift */ = {isa = PBXFileReference; lastKnownFileType = sourcecode.swift; path = ThreadReplyService.swift; sourceTree = "<group>"; };
		3C0192FB2A9E541800DE9657 /* ThreadReplyViewModel.swift */ = {isa = PBXFileReference; lastKnownFileType = sourcecode.swift; path = ThreadReplyViewModel.swift; sourceTree = "<group>"; };
		3C0193002A9E5F5600DE9657 /* ThreadDetailsView.swift */ = {isa = PBXFileReference; lastKnownFileType = sourcecode.swift; path = ThreadDetailsView.swift; sourceTree = "<group>"; };
		3C0193022A9E61D900DE9657 /* ThreadDetailsViewModel.swift */ = {isa = PBXFileReference; lastKnownFileType = sourcecode.swift; path = ThreadDetailsViewModel.swift; sourceTree = "<group>"; };
		3C0193062A9E639900DE9657 /* ThreadReplyCell.swift */ = {isa = PBXFileReference; lastKnownFileType = sourcecode.swift; path = ThreadReplyCell.swift; sourceTree = "<group>"; };
		3C20971D2A9B2C730005F6DA /* Threads Clone.app */ = {isa = PBXFileReference; explicitFileType = wrapper.application; includeInIndex = 0; path = "Threads Clone.app"; sourceTree = BUILT_PRODUCTS_DIR; };
		3C2097202A9B2C730005F6DA /* Threads_CloneApp.swift */ = {isa = PBXFileReference; lastKnownFileType = sourcecode.swift; path = Threads_CloneApp.swift; sourceTree = "<group>"; };
		3C2097222A9B2C730005F6DA /* ContentView.swift */ = {isa = PBXFileReference; lastKnownFileType = sourcecode.swift; path = ContentView.swift; sourceTree = "<group>"; };
		3C2097242A9B2C730005F6DA /* Assets.xcassets */ = {isa = PBXFileReference; lastKnownFileType = folder.assetcatalog; path = Assets.xcassets; sourceTree = "<group>"; };
		3C2097272A9B2C730005F6DA /* Preview Assets.xcassets */ = {isa = PBXFileReference; lastKnownFileType = folder.assetcatalog; path = "Preview Assets.xcassets"; sourceTree = "<group>"; };
		3C2097372A9B2D370005F6DA /* LoginView.swift */ = {isa = PBXFileReference; lastKnownFileType = sourcecode.swift; path = LoginView.swift; sourceTree = "<group>"; };
		3C2097392A9B30BD0005F6DA /* RegistrationView.swift */ = {isa = PBXFileReference; lastKnownFileType = sourcecode.swift; path = RegistrationView.swift; sourceTree = "<group>"; };
		3C20973C2A9B32230005F6DA /* ThreadsTextFieldModifier.swift */ = {isa = PBXFileReference; lastKnownFileType = sourcecode.swift; path = ThreadsTextFieldModifier.swift; sourceTree = "<group>"; };
		3C20973F2A9B34030005F6DA /* ThreadsTabView.swift */ = {isa = PBXFileReference; lastKnownFileType = sourcecode.swift; path = ThreadsTabView.swift; sourceTree = "<group>"; };
		3C2097432A9B37350005F6DA /* FeedView.swift */ = {isa = PBXFileReference; lastKnownFileType = sourcecode.swift; path = FeedView.swift; sourceTree = "<group>"; };
		3C2097472A9B37870005F6DA /* ExploreView.swift */ = {isa = PBXFileReference; lastKnownFileType = sourcecode.swift; path = ExploreView.swift; sourceTree = "<group>"; };
		3C20974B2A9B37E20005F6DA /* CreateThreadView.swift */ = {isa = PBXFileReference; lastKnownFileType = sourcecode.swift; path = CreateThreadView.swift; sourceTree = "<group>"; };
		3C20974F2A9B38220005F6DA /* ActivityView.swift */ = {isa = PBXFileReference; lastKnownFileType = sourcecode.swift; path = ActivityView.swift; sourceTree = "<group>"; };
		3C2097532A9B38770005F6DA /* ProfileView.swift */ = {isa = PBXFileReference; lastKnownFileType = sourcecode.swift; path = ProfileView.swift; sourceTree = "<group>"; };
		3C2097552A9B48E90005F6DA /* ThreadCell.swift */ = {isa = PBXFileReference; lastKnownFileType = sourcecode.swift; path = ThreadCell.swift; sourceTree = "<group>"; };
		3C2097582A9B4FD70005F6DA /* CircularProfileImageView.swift */ = {isa = PBXFileReference; lastKnownFileType = sourcecode.swift; path = CircularProfileImageView.swift; sourceTree = "<group>"; };
		3C20975A2A9B504A0005F6DA /* UserCell.swift */ = {isa = PBXFileReference; lastKnownFileType = sourcecode.swift; path = UserCell.swift; sourceTree = "<group>"; };
		3C20975D2A9B53180005F6DA /* ProfileThreadFilter.swift */ = {isa = PBXFileReference; lastKnownFileType = sourcecode.swift; path = ProfileThreadFilter.swift; sourceTree = "<group>"; };
		3C2097612A9B57790005F6DA /* EditProfileView.swift */ = {isa = PBXFileReference; lastKnownFileType = sourcecode.swift; path = EditProfileView.swift; sourceTree = "<group>"; };
		3C2097702A9B6A000005F6DA /* RegisterationViewModel.swift */ = {isa = PBXFileReference; lastKnownFileType = sourcecode.swift; path = RegisterationViewModel.swift; sourceTree = "<group>"; };
		3C2097722A9B6AF80005F6DA /* AuthService.swift */ = {isa = PBXFileReference; lastKnownFileType = sourcecode.swift; path = AuthService.swift; sourceTree = "<group>"; };
		3C2097762A9B701B0005F6DA /* GoogleService-Info.plist */ = {isa = PBXFileReference; fileEncoding = 4; lastKnownFileType = text.plist.xml; path = "GoogleService-Info.plist"; sourceTree = "<group>"; };
		3C20977A2A9B72440005F6DA /* ContentViewModel.swift */ = {isa = PBXFileReference; lastKnownFileType = sourcecode.swift; path = ContentViewModel.swift; sourceTree = "<group>"; };
		3C20977C2A9B76310005F6DA /* LoginViewModel.swift */ = {isa = PBXFileReference; lastKnownFileType = sourcecode.swift; path = LoginViewModel.swift; sourceTree = "<group>"; };
		3C20977E2A9BAD180005F6DA /* User.swift */ = {isa = PBXFileReference; lastKnownFileType = sourcecode.swift; path = User.swift; sourceTree = "<group>"; };
		3C2097802A9BBF920005F6DA /* UserService.swift */ = {isa = PBXFileReference; lastKnownFileType = sourcecode.swift; path = UserService.swift; sourceTree = "<group>"; };
		3C2097832A9BC0AE0005F6DA /* CurrentUserProfileViewModel.swift */ = {isa = PBXFileReference; lastKnownFileType = sourcecode.swift; path = CurrentUserProfileViewModel.swift; sourceTree = "<group>"; };
		3C2097862A9BC7390005F6DA /* ExploreViewModel.swift */ = {isa = PBXFileReference; lastKnownFileType = sourcecode.swift; path = ExploreViewModel.swift; sourceTree = "<group>"; };
		3C2097882A9BC8BA0005F6DA /* PreviewProvider.swift */ = {isa = PBXFileReference; lastKnownFileType = sourcecode.swift; path = PreviewProvider.swift; sourceTree = "<group>"; };
		3C20978C2A9BCC090005F6DA /* CurrentUserProfileView.swift */ = {isa = PBXFileReference; lastKnownFileType = sourcecode.swift; path = CurrentUserProfileView.swift; sourceTree = "<group>"; };
		3C2097922A9BCE570005F6DA /* ProfileHeaderView.swift */ = {isa = PBXFileReference; lastKnownFileType = sourcecode.swift; path = ProfileHeaderView.swift; sourceTree = "<group>"; };
		3C2097942A9BCFCE0005F6DA /* UserContentListView.swift */ = {isa = PBXFileReference; lastKnownFileType = sourcecode.swift; path = UserContentListView.swift; sourceTree = "<group>"; };
		3C2097972A9BDB7D0005F6DA /* EditProfileViewModel.swift */ = {isa = PBXFileReference; lastKnownFileType = sourcecode.swift; path = EditProfileViewModel.swift; sourceTree = "<group>"; };
		3C2097992A9BDD550005F6DA /* ImageUploader.swift */ = {isa = PBXFileReference; lastKnownFileType = sourcecode.swift; path = ImageUploader.swift; sourceTree = "<group>"; };
		3C20979E2A9C58ED0005F6DA /* Thread.swift */ = {isa = PBXFileReference; lastKnownFileType = sourcecode.swift; path = Thread.swift; sourceTree = "<group>"; };
		3C2097A12A9C59E90005F6DA /* CreateThreadViewModel.swift */ = {isa = PBXFileReference; lastKnownFileType = sourcecode.swift; path = CreateThreadViewModel.swift; sourceTree = "<group>"; };
		3C2097A32A9C5A080005F6DA /* ThreadService.swift */ = {isa = PBXFileReference; lastKnownFileType = sourcecode.swift; path = ThreadService.swift; sourceTree = "<group>"; };
		3C2097A62A9C65E80005F6DA /* FeedViewModel.swift */ = {isa = PBXFileReference; lastKnownFileType = sourcecode.swift; path = FeedViewModel.swift; sourceTree = "<group>"; };
		3C2097AA2A9CF1E60005F6DA /* UserContentListViewModel.swift */ = {isa = PBXFileReference; lastKnownFileType = sourcecode.swift; path = UserContentListViewModel.swift; sourceTree = "<group>"; };
		3C2097AC2A9CF5850005F6DA /* Timestamp.swift */ = {isa = PBXFileReference; lastKnownFileType = sourcecode.swift; path = Timestamp.swift; sourceTree = "<group>"; };
/* End PBXFileReference section */

/* Begin PBXFrameworksBuildPhase section */
		3C20971A2A9B2C720005F6DA /* Frameworks */ = {
			isa = PBXFrameworksBuildPhase;
			buildActionMask = 2147483647;
			files = (
				3C2097672A9B65B60005F6DA /* FirebaseAuth in Frameworks */,
				3C20976D2A9B65B60005F6DA /* FirebaseStorage in Frameworks */,
				3C2097692A9B65B60005F6DA /* FirebaseFirestore in Frameworks */,
				3C20976B2A9B65B60005F6DA /* FirebaseFirestoreSwift in Frameworks */,
				3C20979D2A9C53B30005F6DA /* Kingfisher in Frameworks */,
			);
			runOnlyForDeploymentPostprocessing = 0;
		};
/* End PBXFrameworksBuildPhase section */

/* Begin PBXGroup section */
		3C0192E42A9DC5D000DE9657 /* Users */ = {
			isa = PBXGroup;
			children = (
				3C2097582A9B4FD70005F6DA /* CircularProfileImageView.swift */,
				3C20975A2A9B504A0005F6DA /* UserCell.swift */,
			);
			path = Users;
			sourceTree = "<group>";
		};
		3C0192E52A9DC5D600DE9657 /* Threads */ = {
			isa = PBXGroup;
			children = (
				3C0192E82A9DC6A100DE9657 /* View */,
				3C0192E92A9DC6A600DE9657 /* ViewModel */,
			);
			path = Threads;
			sourceTree = "<group>";
		};
		3C0192E82A9DC6A100DE9657 /* View */ = {
			isa = PBXGroup;
			children = (
				3C2097552A9B48E90005F6DA /* ThreadCell.swift */,
				3C0192E62A9DC61A00DE9657 /* ContentActionButtonsView.swift */,
			);
			path = View;
			sourceTree = "<group>";
		};
		3C0192E92A9DC6A600DE9657 /* ViewModel */ = {
			isa = PBXGroup;
			children = (
				3C0192EA2A9DC6E700DE9657 /* ContentActionButtonsViewModel.swift */,
			);
			path = ViewModel;
			sourceTree = "<group>";
		};
		3C0192EE2A9E356500DE9657 /* ThreadReplies */ = {
			isa = PBXGroup;
			children = (
				3C0192F82A9E535100DE9657 /* Service */,
				3C0192F52A9E523F00DE9657 /* Model */,
				3C0192F02A9E358900DE9657 /* Views */,
				3C0192EF2A9E357E00DE9657 /* ViewModels */,
			);
			path = ThreadReplies;
			sourceTree = "<group>";
		};
		3C0192EF2A9E357E00DE9657 /* ViewModels */ = {
			isa = PBXGroup;
			children = (
				3C0192FB2A9E541800DE9657 /* ThreadReplyViewModel.swift */,
			);
			path = ViewModels;
			sourceTree = "<group>";
		};
		3C0192F02A9E358900DE9657 /* Views */ = {
			isa = PBXGroup;
			children = (
				3C0192F12A9E359E00DE9657 /* ThreadReplyView.swift */,
				3C0193062A9E639900DE9657 /* ThreadReplyCell.swift */,
			);
			path = Views;
			sourceTree = "<group>";
		};
		3C0192F52A9E523F00DE9657 /* Model */ = {
			isa = PBXGroup;
			children = (
				3C0192F62A9E525500DE9657 /* ThreadReply.swift */,
			);
			path = Model;
			sourceTree = "<group>";
		};
		3C0192F82A9E535100DE9657 /* Service */ = {
			isa = PBXGroup;
			children = (
				3C0192F92A9E536C00DE9657 /* ThreadReplyService.swift */,
			);
			path = Service;
			sourceTree = "<group>";
		};
		3C0192FD2A9E5F3100DE9657 /* ThreadsDetails */ = {
			isa = PBXGroup;
			children = (
				3C0192FF2A9E5F4500DE9657 /* View */,
				3C0192FE2A9E5F3E00DE9657 /* ViewModel */,
			);
			path = ThreadsDetails;
			sourceTree = "<group>";
		};
		3C0192FE2A9E5F3E00DE9657 /* ViewModel */ = {
			isa = PBXGroup;
			children = (
				3C0193022A9E61D900DE9657 /* ThreadDetailsViewModel.swift */,
			);
			path = ViewModel;
			sourceTree = "<group>";
		};
		3C0192FF2A9E5F4500DE9657 /* View */ = {
			isa = PBXGroup;
			children = (
				3C0193002A9E5F5600DE9657 /* ThreadDetailsView.swift */,
			);
			path = View;
			sourceTree = "<group>";
		};
		3C2097142A9B2C720005F6DA = {
			isa = PBXGroup;
			children = (
				3C20971F2A9B2C730005F6DA /* Threads Clone */,
				3C20971E2A9B2C730005F6DA /* Products */,
			);
			sourceTree = "<group>";
		};
		3C20971E2A9B2C730005F6DA /* Products */ = {
			isa = PBXGroup;
			children = (
				3C20971D2A9B2C730005F6DA /* Threads Clone.app */,
			);
			name = Products;
			sourceTree = "<group>";
		};
		3C20971F2A9B2C730005F6DA /* Threads Clone */ = {
			isa = PBXGroup;
			children = (
				3C2097332A9B2CB60005F6DA /* App */,
				3C2097322A9B2CB10005F6DA /* Core */,
				3C2097312A9B2CAE0005F6DA /* Extensions */,
				3C2097302A9B2CAB0005F6DA /* Model */,
				3C20972F2A9B2CA80005F6DA /* Services */,
				3C20972E2A9B2C8E0005F6DA /* Utils */,
				3C2097242A9B2C730005F6DA /* Assets.xcassets */,
				3C2097762A9B701B0005F6DA /* GoogleService-Info.plist */,
				3C2097262A9B2C730005F6DA /* Preview Content */,
			);
			path = "Threads Clone";
			sourceTree = "<group>";
		};
		3C2097262A9B2C730005F6DA /* Preview Content */ = {
			isa = PBXGroup;
			children = (
				3C2097272A9B2C730005F6DA /* Preview Assets.xcassets */,
			);
			path = "Preview Content";
			sourceTree = "<group>";
		};
		3C20972E2A9B2C8E0005F6DA /* Utils */ = {
			isa = PBXGroup;
			children = (
				3C20973B2A9B32070005F6DA /* ViewModifiers */,
				3C0192EC2A9DCD2A00DE9657 /* Constants.swift */,
			);
			path = Utils;
			sourceTree = "<group>";
		};
		3C20972F2A9B2CA80005F6DA /* Services */ = {
			isa = PBXGroup;
			children = (
				3C2097802A9BBF920005F6DA /* UserService.swift */,
				3C2097992A9BDD550005F6DA /* ImageUploader.swift */,
				3C2097A32A9C5A080005F6DA /* ThreadService.swift */,
			);
			path = Services;
			sourceTree = "<group>";
		};
		3C2097302A9B2CAB0005F6DA /* Model */ = {
			isa = PBXGroup;
			children = (
				3C20977E2A9BAD180005F6DA /* User.swift */,
				3C20979E2A9C58ED0005F6DA /* Thread.swift */,
			);
			path = Model;
			sourceTree = "<group>";
		};
		3C2097312A9B2CAE0005F6DA /* Extensions */ = {
			isa = PBXGroup;
			children = (
				3C2097882A9BC8BA0005F6DA /* PreviewProvider.swift */,
				3C2097AC2A9CF5850005F6DA /* Timestamp.swift */,
				3C0192F32A9E3AC400DE9657 /* String.swift */,
			);
			path = Extensions;
			sourceTree = "<group>";
		};
		3C2097322A9B2CB10005F6DA /* Core */ = {
			isa = PBXGroup;
			children = (
				3C20974D2A9B38070005F6DA /* Activity */,
				3C2097352A9B2CE80005F6DA /* Authentication */,
				3C2097572A9B4F920005F6DA /* Components */,
				3C2097452A9B376A0005F6DA /* Explore */,
				3C2097412A9B37210005F6DA /* Feed */,
				3C2097512A9B384E0005F6DA /* Profile */,
				3C2097342A9B2CE40005F6DA /* Root */,
				3C20973E2A9B33D40005F6DA /* TabBar */,
				3C2097492A9B37BF0005F6DA /* ThreadCreation */,
				3C0192FD2A9E5F3100DE9657 /* ThreadsDetails */,
				3C0192EE2A9E356500DE9657 /* ThreadReplies */,
			);
			path = Core;
			sourceTree = "<group>";
		};
		3C2097332A9B2CB60005F6DA /* App */ = {
			isa = PBXGroup;
			children = (
				3C2097202A9B2C730005F6DA /* Threads_CloneApp.swift */,
			);
			path = App;
			sourceTree = "<group>";
		};
		3C2097342A9B2CE40005F6DA /* Root */ = {
			isa = PBXGroup;
			children = (
				3C2097782A9B72250005F6DA /* View */,
				3C2097792A9B722B0005F6DA /* ViewModel */,
			);
			path = Root;
			sourceTree = "<group>";
		};
		3C2097352A9B2CE80005F6DA /* Authentication */ = {
			isa = PBXGroup;
			children = (
				3C20976F2A9B69E20005F6DA /* Service */,
				3C2097362A9B2D290005F6DA /* Views */,
				3C20976E2A9B69CD0005F6DA /* ViewModels */,
			);
			path = Authentication;
			sourceTree = "<group>";
		};
		3C2097362A9B2D290005F6DA /* Views */ = {
			isa = PBXGroup;
			children = (
				3C2097372A9B2D370005F6DA /* LoginView.swift */,
				3C2097392A9B30BD0005F6DA /* RegistrationView.swift */,
			);
			path = Views;
			sourceTree = "<group>";
		};
		3C20973B2A9B32070005F6DA /* ViewModifiers */ = {
			isa = PBXGroup;
			children = (
				3C20973C2A9B32230005F6DA /* ThreadsTextFieldModifier.swift */,
			);
			path = ViewModifiers;
			sourceTree = "<group>";
		};
		3C20973E2A9B33D40005F6DA /* TabBar */ = {
			isa = PBXGroup;
			children = (
				3C20973F2A9B34030005F6DA /* ThreadsTabView.swift */,
			);
			path = TabBar;
			sourceTree = "<group>";
		};
		3C2097412A9B37210005F6DA /* Feed */ = {
			isa = PBXGroup;
			children = (
				3C2097422A9B37290005F6DA /* View */,
				3C2097A52A9C65D40005F6DA /* ViewModel */,
			);
			path = Feed;
			sourceTree = "<group>";
		};
		3C2097422A9B37290005F6DA /* View */ = {
			isa = PBXGroup;
			children = (
				3C2097432A9B37350005F6DA /* FeedView.swift */,
			);
			path = View;
			sourceTree = "<group>";
		};
		3C2097452A9B376A0005F6DA /* Explore */ = {
			isa = PBXGroup;
			children = (
				3C2097462A9B37780005F6DA /* View */,
				3C2097852A9BC71B0005F6DA /* ViewModel */,
			);
			path = Explore;
			sourceTree = "<group>";
		};
		3C2097462A9B37780005F6DA /* View */ = {
			isa = PBXGroup;
			children = (
				3C2097472A9B37870005F6DA /* ExploreView.swift */,
			);
			path = View;
			sourceTree = "<group>";
		};
		3C2097492A9B37BF0005F6DA /* ThreadCreation */ = {
			isa = PBXGroup;
			children = (
				3C20974A2A9B37C90005F6DA /* View */,
				3C2097A02A9C59CB0005F6DA /* ViewModel */,
			);
			path = ThreadCreation;
			sourceTree = "<group>";
		};
		3C20974A2A9B37C90005F6DA /* View */ = {
			isa = PBXGroup;
			children = (
				3C20974B2A9B37E20005F6DA /* CreateThreadView.swift */,
			);
			path = View;
			sourceTree = "<group>";
		};
		3C20974D2A9B38070005F6DA /* Activity */ = {
			isa = PBXGroup;
			children = (
				3C20974E2A9B38110005F6DA /* View */,
			);
			path = Activity;
			sourceTree = "<group>";
		};
		3C20974E2A9B38110005F6DA /* View */ = {
			isa = PBXGroup;
			children = (
				3C20974F2A9B38220005F6DA /* ActivityView.swift */,
			);
			path = View;
			sourceTree = "<group>";
		};
		3C2097512A9B384E0005F6DA /* Profile */ = {
			isa = PBXGroup;
			children = (
				3C20978F2A9BCE2A0005F6DA /* Components */,
				3C20978A2A9BCBDE0005F6DA /* CurrentUserProfile */,
				3C20975F2A9B57560005F6DA /* EditProfile */,
				3C20975C2A9B53060005F6DA /* Model */,
				3C2097522A9B385F0005F6DA /* UserProfile */,
			);
			path = Profile;
			sourceTree = "<group>";
		};
		3C2097522A9B385F0005F6DA /* UserProfile */ = {
			isa = PBXGroup;
			children = (
				3C2097532A9B38770005F6DA /* ProfileView.swift */,
			);
			path = UserProfile;
			sourceTree = "<group>";
		};
		3C2097572A9B4F920005F6DA /* Components */ = {
			isa = PBXGroup;
			children = (
				3C0192E52A9DC5D600DE9657 /* Threads */,
				3C0192E42A9DC5D000DE9657 /* Users */,
			);
			path = Components;
			sourceTree = "<group>";
		};
		3C20975C2A9B53060005F6DA /* Model */ = {
			isa = PBXGroup;
			children = (
				3C20975D2A9B53180005F6DA /* ProfileThreadFilter.swift */,
			);
			path = Model;
			sourceTree = "<group>";
		};
		3C20975F2A9B57560005F6DA /* EditProfile */ = {
			isa = PBXGroup;
			children = (
				3C2097602A9B57660005F6DA /* View */,
				3C2097962A9BDB600005F6DA /* ViewModel */,
			);
			path = EditProfile;
			sourceTree = "<group>";
		};
		3C2097602A9B57660005F6DA /* View */ = {
			isa = PBXGroup;
			children = (
				3C2097612A9B57790005F6DA /* EditProfileView.swift */,
			);
			path = View;
			sourceTree = "<group>";
		};
		3C20976E2A9B69CD0005F6DA /* ViewModels */ = {
			isa = PBXGroup;
			children = (
				3C20977C2A9B76310005F6DA /* LoginViewModel.swift */,
				3C2097702A9B6A000005F6DA /* RegisterationViewModel.swift */,
			);
			path = ViewModels;
			sourceTree = "<group>";
		};
		3C20976F2A9B69E20005F6DA /* Service */ = {
			isa = PBXGroup;
			children = (
				3C2097722A9B6AF80005F6DA /* AuthService.swift */,
			);
			path = Service;
			sourceTree = "<group>";
		};
		3C2097782A9B72250005F6DA /* View */ = {
			isa = PBXGroup;
			children = (
				3C2097222A9B2C730005F6DA /* ContentView.swift */,
			);
			path = View;
			sourceTree = "<group>";
		};
		3C2097792A9B722B0005F6DA /* ViewModel */ = {
			isa = PBXGroup;
			children = (
				3C20977A2A9B72440005F6DA /* ContentViewModel.swift */,
			);
			path = ViewModel;
			sourceTree = "<group>";
		};
		3C2097852A9BC71B0005F6DA /* ViewModel */ = {
			isa = PBXGroup;
			children = (
				3C2097862A9BC7390005F6DA /* ExploreViewModel.swift */,
			);
			path = ViewModel;
			sourceTree = "<group>";
		};
		3C20978A2A9BCBDE0005F6DA /* CurrentUserProfile */ = {
			isa = PBXGroup;
			children = (
				3C20978B2A9BCBFA0005F6DA /* View */,
				3C20978E2A9BCC530005F6DA /* ViewModel */,
			);
			path = CurrentUserProfile;
			sourceTree = "<group>";
		};
		3C20978B2A9BCBFA0005F6DA /* View */ = {
			isa = PBXGroup;
			children = (
				3C20978C2A9BCC090005F6DA /* CurrentUserProfileView.swift */,
			);
			path = View;
			sourceTree = "<group>";
		};
		3C20978E2A9BCC530005F6DA /* ViewModel */ = {
			isa = PBXGroup;
			children = (
				3C2097832A9BC0AE0005F6DA /* CurrentUserProfileViewModel.swift */,
			);
			path = ViewModel;
			sourceTree = "<group>";
		};
		3C20978F2A9BCE2A0005F6DA /* Components */ = {
			isa = PBXGroup;
			children = (
				3C2097A82A9CF17E0005F6DA /* View */,
				3C2097A92A9CF1880005F6DA /* ViewModel */,
			);
			path = Components;
			sourceTree = "<group>";
		};
		3C2097962A9BDB600005F6DA /* ViewModel */ = {
			isa = PBXGroup;
			children = (
				3C2097972A9BDB7D0005F6DA /* EditProfileViewModel.swift */,
			);
			path = ViewModel;
			sourceTree = "<group>";
		};
		3C2097A02A9C59CB0005F6DA /* ViewModel */ = {
			isa = PBXGroup;
			children = (
				3C2097A12A9C59E90005F6DA /* CreateThreadViewModel.swift */,
			);
			path = ViewModel;
			sourceTree = "<group>";
		};
		3C2097A52A9C65D40005F6DA /* ViewModel */ = {
			isa = PBXGroup;
			children = (
				3C2097A62A9C65E80005F6DA /* FeedViewModel.swift */,
			);
			path = ViewModel;
			sourceTree = "<group>";
		};
		3C2097A82A9CF17E0005F6DA /* View */ = {
			isa = PBXGroup;
			children = (
				3C2097922A9BCE570005F6DA /* ProfileHeaderView.swift */,
				3C2097942A9BCFCE0005F6DA /* UserContentListView.swift */,
			);
			path = View;
			sourceTree = "<group>";
		};
		3C2097A92A9CF1880005F6DA /* ViewModel */ = {
			isa = PBXGroup;
			children = (
				3C2097AA2A9CF1E60005F6DA /* UserContentListViewModel.swift */,
			);
			path = ViewModel;
			sourceTree = "<group>";
		};
/* End PBXGroup section */

/* Begin PBXNativeTarget section */
		3C20971C2A9B2C720005F6DA /* Threads Clone */ = {
			isa = PBXNativeTarget;
			buildConfigurationList = 3C20972B2A9B2C730005F6DA /* Build configuration list for PBXNativeTarget "Threads Clone" */;
			buildPhases = (
				3C2097192A9B2C720005F6DA /* Sources */,
				3C20971A2A9B2C720005F6DA /* Frameworks */,
				3C20971B2A9B2C720005F6DA /* Resources */,
			);
			buildRules = (
			);
			dependencies = (
			);
			name = "Threads Clone";
			packageProductDependencies = (
				3C2097662A9B65B60005F6DA /* FirebaseAuth */,
				3C2097682A9B65B60005F6DA /* FirebaseFirestore */,
				3C20976A2A9B65B60005F6DA /* FirebaseFirestoreSwift */,
				3C20976C2A9B65B60005F6DA /* FirebaseStorage */,
				3C20979C2A9C53B30005F6DA /* Kingfisher */,
			);
			productName = "Threads Clone";
			productReference = 3C20971D2A9B2C730005F6DA /* Threads Clone.app */;
			productType = "com.apple.product-type.application";
		};
/* End PBXNativeTarget section */

/* Begin PBXProject section */
		3C2097152A9B2C720005F6DA /* Project object */ = {
			isa = PBXProject;
			attributes = {
				BuildIndependentTargetsInParallel = 1;
				LastSwiftUpdateCheck = 1430;
				LastUpgradeCheck = 1430;
				TargetAttributes = {
					3C20971C2A9B2C720005F6DA = {
						CreatedOnToolsVersion = 14.3.1;
					};
				};
			};
			buildConfigurationList = 3C2097182A9B2C720005F6DA /* Build configuration list for PBXProject "Threads Clone" */;
			compatibilityVersion = "Xcode 14.0";
			developmentRegion = en;
			hasScannedForEncodings = 0;
			knownRegions = (
				en,
				Base,
			);
			mainGroup = 3C2097142A9B2C720005F6DA;
			packageReferences = (
				3C2097652A9B65B60005F6DA /* XCRemoteSwiftPackageReference "firebase-ios-sdk" */,
				3C20979B2A9C53B30005F6DA /* XCRemoteSwiftPackageReference "Kingfisher" */,
			);
			productRefGroup = 3C20971E2A9B2C730005F6DA /* Products */;
			projectDirPath = "";
			projectRoot = "";
			targets = (
				3C20971C2A9B2C720005F6DA /* Threads Clone */,
			);
		};
/* End PBXProject section */

/* Begin PBXResourcesBuildPhase section */
		3C20971B2A9B2C720005F6DA /* Resources */ = {
			isa = PBXResourcesBuildPhase;
			buildActionMask = 2147483647;
			files = (
				3C2097282A9B2C730005F6DA /* Preview Assets.xcassets in Resources */,
				3C2097252A9B2C730005F6DA /* Assets.xcassets in Resources */,
				3C2097772A9B701B0005F6DA /* GoogleService-Info.plist in Resources */,
			);
			runOnlyForDeploymentPostprocessing = 0;
		};
/* End PBXResourcesBuildPhase section */

/* Begin PBXSourcesBuildPhase section */
		3C2097192A9B2C720005F6DA /* Sources */ = {
			isa = PBXSourcesBuildPhase;
			buildActionMask = 2147483647;
			files = (
				3C0192EB2A9DC6E700DE9657 /* ContentActionButtonsViewModel.swift in Sources */,
				3C2097442A9B37350005F6DA /* FeedView.swift in Sources */,
				3C0192F42A9E3AC400DE9657 /* String.swift in Sources */,
				3C20979F2A9C58ED0005F6DA /* Thread.swift in Sources */,
				3C2097382A9B2D370005F6DA /* LoginView.swift in Sources */,
				3C2097622A9B57790005F6DA /* EditProfileView.swift in Sources */,
				3C2097732A9B6AF80005F6DA /* AuthService.swift in Sources */,
				3C0193072A9E639900DE9657 /* ThreadReplyCell.swift in Sources */,
				3C2097892A9BC8BA0005F6DA /* PreviewProvider.swift in Sources */,
				3C0192E72A9DC61A00DE9657 /* ContentActionButtonsView.swift in Sources */,
				3C2097982A9BDB7D0005F6DA /* EditProfileViewModel.swift in Sources */,
				3C0192F72A9E525500DE9657 /* ThreadReply.swift in Sources */,
				3C2097232A9B2C730005F6DA /* ContentView.swift in Sources */,
				3C2097562A9B48E90005F6DA /* ThreadCell.swift in Sources */,
				3C0193032A9E61D900DE9657 /* ThreadDetailsViewModel.swift in Sources */,
				3C2097812A9BBF920005F6DA /* UserService.swift in Sources */,
				3C2097502A9B38220005F6DA /* ActivityView.swift in Sources */,
				3C2097952A9BCFCE0005F6DA /* UserContentListView.swift in Sources */,
				3C2097592A9B4FD70005F6DA /* CircularProfileImageView.swift in Sources */,
				3C20977D2A9B76310005F6DA /* LoginViewModel.swift in Sources */,
				3C2097AB2A9CF1E60005F6DA /* UserContentListViewModel.swift in Sources */,
				3C2097A22A9C59E90005F6DA /* CreateThreadViewModel.swift in Sources */,
				3C20975B2A9B504A0005F6DA /* UserCell.swift in Sources */,
				3C20974C2A9B37E20005F6DA /* CreateThreadView.swift in Sources */,
				3C0192ED2A9DCD2A00DE9657 /* Constants.swift in Sources */,
				3C2097872A9BC7390005F6DA /* ExploreViewModel.swift in Sources */,
				3C20975E2A9B53180005F6DA /* ProfileThreadFilter.swift in Sources */,
				3C20979A2A9BDD550005F6DA /* ImageUploader.swift in Sources */,
				3C2097402A9B34030005F6DA /* ThreadsTabView.swift in Sources */,
				3C20977B2A9B72440005F6DA /* ContentViewModel.swift in Sources */,
				3C2097842A9BC0AE0005F6DA /* CurrentUserProfileViewModel.swift in Sources */,
				3C20973D2A9B32230005F6DA /* ThreadsTextFieldModifier.swift in Sources */,
				3C20978D2A9BCC090005F6DA /* CurrentUserProfileView.swift in Sources */,
				3C2097AD2A9CF5850005F6DA /* Timestamp.swift in Sources */,
				3C2097212A9B2C730005F6DA /* Threads_CloneApp.swift in Sources */,
				3C2097A72A9C65E80005F6DA /* FeedViewModel.swift in Sources */,
				3C0192FA2A9E536C00DE9657 /* ThreadReplyService.swift in Sources */,
				3C2097482A9B37870005F6DA /* ExploreView.swift in Sources */,
				3C2097932A9BCE570005F6DA /* ProfileHeaderView.swift in Sources */,
				3C2097712A9B6A000005F6DA /* RegisterationViewModel.swift in Sources */,
				3C0193012A9E5F5600DE9657 /* ThreadDetailsView.swift in Sources */,
				3C2097542A9B38770005F6DA /* ProfileView.swift in Sources */,
				3C20973A2A9B30BD0005F6DA /* RegistrationView.swift in Sources */,
				3C20977F2A9BAD180005F6DA /* User.swift in Sources */,
				3C0192FC2A9E541800DE9657 /* ThreadReplyViewModel.swift in Sources */,
				3C2097A42A9C5A080005F6DA /* ThreadService.swift in Sources */,
				3C0192F22A9E359E00DE9657 /* ThreadReplyView.swift in Sources */,
			);
			runOnlyForDeploymentPostprocessing = 0;
		};
/* End PBXSourcesBuildPhase section */

/* Begin XCBuildConfiguration section */
		3C2097292A9B2C730005F6DA /* Debug */ = {
			isa = XCBuildConfiguration;
			buildSettings = {
				ALWAYS_SEARCH_USER_PATHS = NO;
				CLANG_ANALYZER_NONNULL = YES;
				CLANG_ANALYZER_NUMBER_OBJECT_CONVERSION = YES_AGGRESSIVE;
				CLANG_CXX_LANGUAGE_STANDARD = "gnu++20";
				CLANG_ENABLE_MODULES = YES;
				CLANG_ENABLE_OBJC_ARC = YES;
				CLANG_ENABLE_OBJC_WEAK = YES;
				CLANG_WARN_BLOCK_CAPTURE_AUTORELEASING = YES;
				CLANG_WARN_BOOL_CONVERSION = YES;
				CLANG_WARN_COMMA = YES;
				CLANG_WARN_CONSTANT_CONVERSION = YES;
				CLANG_WARN_DEPRECATED_OBJC_IMPLEMENTATIONS = YES;
				CLANG_WARN_DIRECT_OBJC_ISA_USAGE = YES_ERROR;
				CLANG_WARN_DOCUMENTATION_COMMENTS = YES;
				CLANG_WARN_EMPTY_BODY = YES;
				CLANG_WARN_ENUM_CONVERSION = YES;
				CLANG_WARN_INFINITE_RECURSION = YES;
				CLANG_WARN_INT_CONVERSION = YES;
				CLANG_WARN_NON_LITERAL_NULL_CONVERSION = YES;
				CLANG_WARN_OBJC_IMPLICIT_RETAIN_SELF = YES;
				CLANG_WARN_OBJC_LITERAL_CONVERSION = YES;
				CLANG_WARN_OBJC_ROOT_CLASS = YES_ERROR;
				CLANG_WARN_QUOTED_INCLUDE_IN_FRAMEWORK_HEADER = YES;
				CLANG_WARN_RANGE_LOOP_ANALYSIS = YES;
				CLANG_WARN_STRICT_PROTOTYPES = YES;
				CLANG_WARN_SUSPICIOUS_MOVE = YES;
				CLANG_WARN_UNGUARDED_AVAILABILITY = YES_AGGRESSIVE;
				CLANG_WARN_UNREACHABLE_CODE = YES;
				CLANG_WARN__DUPLICATE_METHOD_MATCH = YES;
				COPY_PHASE_STRIP = NO;
				DEBUG_INFORMATION_FORMAT = dwarf;
				ENABLE_STRICT_OBJC_MSGSEND = YES;
				ENABLE_TESTABILITY = YES;
				GCC_C_LANGUAGE_STANDARD = gnu11;
				GCC_DYNAMIC_NO_PIC = NO;
				GCC_NO_COMMON_BLOCKS = YES;
				GCC_OPTIMIZATION_LEVEL = 0;
				GCC_PREPROCESSOR_DEFINITIONS = (
					"DEBUG=1",
					"$(inherited)",
				);
				GCC_WARN_64_TO_32_BIT_CONVERSION = YES;
				GCC_WARN_ABOUT_RETURN_TYPE = YES_ERROR;
				GCC_WARN_UNDECLARED_SELECTOR = YES;
				GCC_WARN_UNINITIALIZED_AUTOS = YES_AGGRESSIVE;
				GCC_WARN_UNUSED_FUNCTION = YES;
				GCC_WARN_UNUSED_VARIABLE = YES;
				IPHONEOS_DEPLOYMENT_TARGET = 16.4;
				MTL_ENABLE_DEBUG_INFO = INCLUDE_SOURCE;
				MTL_FAST_MATH = YES;
				ONLY_ACTIVE_ARCH = YES;
				SDKROOT = iphoneos;
				SWIFT_ACTIVE_COMPILATION_CONDITIONS = DEBUG;
				SWIFT_OPTIMIZATION_LEVEL = "-Onone";
			};
			name = Debug;
		};
		3C20972A2A9B2C730005F6DA /* Release */ = {
			isa = XCBuildConfiguration;
			buildSettings = {
				ALWAYS_SEARCH_USER_PATHS = NO;
				CLANG_ANALYZER_NONNULL = YES;
				CLANG_ANALYZER_NUMBER_OBJECT_CONVERSION = YES_AGGRESSIVE;
				CLANG_CXX_LANGUAGE_STANDARD = "gnu++20";
				CLANG_ENABLE_MODULES = YES;
				CLANG_ENABLE_OBJC_ARC = YES;
				CLANG_ENABLE_OBJC_WEAK = YES;
				CLANG_WARN_BLOCK_CAPTURE_AUTORELEASING = YES;
				CLANG_WARN_BOOL_CONVERSION = YES;
				CLANG_WARN_COMMA = YES;
				CLANG_WARN_CONSTANT_CONVERSION = YES;
				CLANG_WARN_DEPRECATED_OBJC_IMPLEMENTATIONS = YES;
				CLANG_WARN_DIRECT_OBJC_ISA_USAGE = YES_ERROR;
				CLANG_WARN_DOCUMENTATION_COMMENTS = YES;
				CLANG_WARN_EMPTY_BODY = YES;
				CLANG_WARN_ENUM_CONVERSION = YES;
				CLANG_WARN_INFINITE_RECURSION = YES;
				CLANG_WARN_INT_CONVERSION = YES;
				CLANG_WARN_NON_LITERAL_NULL_CONVERSION = YES;
				CLANG_WARN_OBJC_IMPLICIT_RETAIN_SELF = YES;
				CLANG_WARN_OBJC_LITERAL_CONVERSION = YES;
				CLANG_WARN_OBJC_ROOT_CLASS = YES_ERROR;
				CLANG_WARN_QUOTED_INCLUDE_IN_FRAMEWORK_HEADER = YES;
				CLANG_WARN_RANGE_LOOP_ANALYSIS = YES;
				CLANG_WARN_STRICT_PROTOTYPES = YES;
				CLANG_WARN_SUSPICIOUS_MOVE = YES;
				CLANG_WARN_UNGUARDED_AVAILABILITY = YES_AGGRESSIVE;
				CLANG_WARN_UNREACHABLE_CODE = YES;
				CLANG_WARN__DUPLICATE_METHOD_MATCH = YES;
				COPY_PHASE_STRIP = NO;
				DEBUG_INFORMATION_FORMAT = "dwarf-with-dsym";
				ENABLE_NS_ASSERTIONS = NO;
				ENABLE_STRICT_OBJC_MSGSEND = YES;
				GCC_C_LANGUAGE_STANDARD = gnu11;
				GCC_NO_COMMON_BLOCKS = YES;
				GCC_WARN_64_TO_32_BIT_CONVERSION = YES;
				GCC_WARN_ABOUT_RETURN_TYPE = YES_ERROR;
				GCC_WARN_UNDECLARED_SELECTOR = YES;
				GCC_WARN_UNINITIALIZED_AUTOS = YES_AGGRESSIVE;
				GCC_WARN_UNUSED_FUNCTION = YES;
				GCC_WARN_UNUSED_VARIABLE = YES;
				IPHONEOS_DEPLOYMENT_TARGET = 16.4;
				MTL_ENABLE_DEBUG_INFO = NO;
				MTL_FAST_MATH = YES;
				SDKROOT = iphoneos;
				SWIFT_COMPILATION_MODE = wholemodule;
				SWIFT_OPTIMIZATION_LEVEL = "-O";
				VALIDATE_PRODUCT = YES;
			};
			name = Release;
		};
		3C20972C2A9B2C730005F6DA /* Debug */ = {
			isa = XCBuildConfiguration;
			buildSettings = {
				ASSETCATALOG_COMPILER_APPICON_NAME = AppIcon;
				ASSETCATALOG_COMPILER_GLOBAL_ACCENT_COLOR_NAME = AccentColor;
				CODE_SIGN_STYLE = Automatic;
				CURRENT_PROJECT_VERSION = 1;
				DEVELOPMENT_ASSET_PATHS = "\"Threads Clone/Preview Content\"";
				DEVELOPMENT_TEAM = 33ADQNHC38;
				ENABLE_PREVIEWS = YES;
				GENERATE_INFOPLIST_FILE = YES;
				INFOPLIST_KEY_UIApplicationSceneManifest_Generation = YES;
				INFOPLIST_KEY_UIApplicationSupportsIndirectInputEvents = YES;
				INFOPLIST_KEY_UILaunchScreen_Generation = YES;
				INFOPLIST_KEY_UISupportedInterfaceOrientations_iPad = "UIInterfaceOrientationPortrait UIInterfaceOrientationPortraitUpsideDown UIInterfaceOrientationLandscapeLeft UIInterfaceOrientationLandscapeRight";
				INFOPLIST_KEY_UISupportedInterfaceOrientations_iPhone = "UIInterfaceOrientationPortrait UIInterfaceOrientationLandscapeLeft UIInterfaceOrientationLandscapeRight";
				LD_RUNPATH_SEARCH_PATHS = (
					"$(inherited)",
					"@executable_path/Frameworks",
				);
				MARKETING_VERSION = 1.0;
				PRODUCT_BUNDLE_IDENTIFIER = "arnaavv.Threads-Clone";
				PRODUCT_NAME = "$(TARGET_NAME)";
				SWIFT_EMIT_LOC_STRINGS = YES;
				SWIFT_VERSION = 5.0;
				TARGETED_DEVICE_FAMILY = "1,2";
			};
			name = Debug;
		};
		3C20972D2A9B2C730005F6DA /* Release */ = {
			isa = XCBuildConfiguration;
			buildSettings = {
				ASSETCATALOG_COMPILER_APPICON_NAME = AppIcon;
				ASSETCATALOG_COMPILER_GLOBAL_ACCENT_COLOR_NAME = AccentColor;
				CODE_SIGN_STYLE = Automatic;
				CURRENT_PROJECT_VERSION = 1;
				DEVELOPMENT_ASSET_PATHS = "\"Threads Clone/Preview Content\"";
				DEVELOPMENT_TEAM = 33ADQNHC38;
				ENABLE_PREVIEWS = YES;
				GENERATE_INFOPLIST_FILE = YES;
				INFOPLIST_KEY_UIApplicationSceneManifest_Generation = YES;
				INFOPLIST_KEY_UIApplicationSupportsIndirectInputEvents = YES;
				INFOPLIST_KEY_UILaunchScreen_Generation = YES;
				INFOPLIST_KEY_UISupportedInterfaceOrientations_iPad = "UIInterfaceOrientationPortrait UIInterfaceOrientationPortraitUpsideDown UIInterfaceOrientationLandscapeLeft UIInterfaceOrientationLandscapeRight";
				INFOPLIST_KEY_UISupportedInterfaceOrientations_iPhone = "UIInterfaceOrientationPortrait UIInterfaceOrientationLandscapeLeft UIInterfaceOrientationLandscapeRight";
				LD_RUNPATH_SEARCH_PATHS = (
					"$(inherited)",
					"@executable_path/Frameworks",
				);
				MARKETING_VERSION = 1.0;
				PRODUCT_BUNDLE_IDENTIFIER = "arnaavv.Threads-Clone";
				PRODUCT_NAME = "$(TARGET_NAME)";
				SWIFT_EMIT_LOC_STRINGS = YES;
				SWIFT_VERSION = 5.0;
				TARGETED_DEVICE_FAMILY = "1,2";
			};
			name = Release;
		};
/* End XCBuildConfiguration section */

/* Begin XCConfigurationList section */
		3C2097182A9B2C720005F6DA /* Build configuration list for PBXProject "Threads Clone" */ = {
			isa = XCConfigurationList;
			buildConfigurations = (
				3C2097292A9B2C730005F6DA /* Debug */,
				3C20972A2A9B2C730005F6DA /* Release */,
			);
			defaultConfigurationIsVisible = 0;
			defaultConfigurationName = Release;
		};
		3C20972B2A9B2C730005F6DA /* Build configuration list for PBXNativeTarget "Threads Clone" */ = {
			isa = XCConfigurationList;
			buildConfigurations = (
				3C20972C2A9B2C730005F6DA /* Debug */,
				3C20972D2A9B2C730005F6DA /* Release */,
			);
			defaultConfigurationIsVisible = 0;
			defaultConfigurationName = Release;
		};
/* End XCConfigurationList section */

/* Begin XCRemoteSwiftPackageReference section */
		3C2097652A9B65B60005F6DA /* XCRemoteSwiftPackageReference "firebase-ios-sdk" */ = {
			isa = XCRemoteSwiftPackageReference;
			repositoryURL = "https://github.com/firebase/firebase-ios-sdk";
			requirement = {
				kind = upToNextMajorVersion;
				minimumVersion = 10.0.0;
			};
		};
		3C20979B2A9C53B30005F6DA /* XCRemoteSwiftPackageReference "Kingfisher" */ = {
			isa = XCRemoteSwiftPackageReference;
			repositoryURL = "https://github.com/onevcat/Kingfisher.git";
			requirement = {
				kind = upToNextMajorVersion;
				minimumVersion = 7.0.0;
			};
		};
/* End XCRemoteSwiftPackageReference section */

/* Begin XCSwiftPackageProductDependency section */
		3C2097662A9B65B60005F6DA /* FirebaseAuth */ = {
			isa = XCSwiftPackageProductDependency;
			package = 3C2097652A9B65B60005F6DA /* XCRemoteSwiftPackageReference "firebase-ios-sdk" */;
			productName = FirebaseAuth;
		};
		3C2097682A9B65B60005F6DA /* FirebaseFirestore */ = {
			isa = XCSwiftPackageProductDependency;
			package = 3C2097652A9B65B60005F6DA /* XCRemoteSwiftPackageReference "firebase-ios-sdk" */;
			productName = FirebaseFirestore;
		};
		3C20976A2A9B65B60005F6DA /* FirebaseFirestoreSwift */ = {
			isa = XCSwiftPackageProductDependency;
			package = 3C2097652A9B65B60005F6DA /* XCRemoteSwiftPackageReference "firebase-ios-sdk" */;
			productName = FirebaseFirestoreSwift;
		};
		3C20976C2A9B65B60005F6DA /* FirebaseStorage */ = {
			isa = XCSwiftPackageProductDependency;
			package = 3C2097652A9B65B60005F6DA /* XCRemoteSwiftPackageReference "firebase-ios-sdk" */;
			productName = FirebaseStorage;
		};
		3C20979C2A9C53B30005F6DA /* Kingfisher */ = {
			isa = XCSwiftPackageProductDependency;
			package = 3C20979B2A9C53B30005F6DA /* XCRemoteSwiftPackageReference "Kingfisher" */;
			productName = Kingfisher;
		};
/* End XCSwiftPackageProductDependency section */
	};
	rootObject = 3C2097152A9B2C720005F6DA /* Project object */;
}
